version = 1
revision = 3
requires-python = ">=3.9"

[[package]]
name = "bigrobotarm-server"
version = "0.1.0"
source = { virtual = "." }
dependencies = [
    { name = "pyserial" },
    { name = "simple-websocket-server" },
]

[package.metadata]
requires-dist = [
    { name = "pyserial", specifier = ">=3.5" },
    { name = "simple-websocket-server", specifier = ">=0.4.4" },
]

[[package]]
name = "pyserial"
version = "3.5"
source = { registry = "https://pypi.org/simple" }
sdist = { url = "https://files.pythonhosted.org/packages/1e/7d/ae3f0a63f41e4d2f6cb66a5b57197850f919f59e558159a4dd3a818f5082/pyserial-3.5.tar.gz", hash = "sha256:3c77e014170dfffbd816e6ffc205e9842efb10be9f58ec16d3e8675b4925cddb", size = 159125, upload-time = "2020-11-23T03:59:15.045Z" }
wheels = [
    { url = "https://files.pythonhosted.org/packages/07/bc/587a445451b253b285629263eb51c2d8e9bcea4fc97826266d186f96f558/pyserial-3.5-py2.py3-none-any.whl", hash = "sha256:c4451db6ba391ca6ca299fb3ec7bae67a5c55dde170964c7a14ceefec02f2cf0", size = 90585, upload-time = "2020-11-23T03:59:13.41Z" },
]

[[package]]
name = "simple-websocket-server"
version = "0.4.4"
source = { registry = "https://pypi.org/simple" }
sdist = { url = "https://files.pythonhosted.org/packages/eb/6b/a46e3783168e5e11ec18e88d7650cb242e5a22b8228e9ad8b2375c68afe8/simple-websocket-server-0.4.4.tar.gz", hash = "sha256:d083aaa69eefcb6fc87c009d720c0c7d6fe8d95135dc18f855a5688576c33ae6", size = 9971, upload-time = "2023-08-05T14:09:45.572Z" }
wheels = [
    { url = "https://files.pythonhosted.org/packages/68/a3/8ee8c7e6426825476f196fc09bb2d1cac4eafdddd3782ce27768d82c7b1d/simple_websocket_server-0.4.4-py3-none-any.whl", hash = "sha256:2d0892a473fe0479f80aed63505d27088a463a420aa085d8c7025e863d0ee3b7", size = 8930, upload-time = "2023-08-05T14:09:43.891Z" },
]
